
Microsoft Visual Studio Solution File, Format Version 12.00
# Visual Studio Version 17
VisualStudioVersion = 17.8.34322.80
MinimumVisualStudioVersion = 10.0.40219.1
Project("{FAE04EC0-301F-11D3-BF4B-00C04F79EFBC}") = "SampleBack", "SampleBack\SampleBack.csproj", "{8FD9D2FB-E788-41C2-BBC8-2C921EB675F0}"
EndProject
Global
	GlobalSection(SolutionConfigurationPlatforms) = preSolution
		Debug|Any CPU = Debug|Any CPU
		Release|Any CPU = Release|Any CPU
	EndGlobalSection
	GlobalSection(ProjectConfigurationPlatforms) = postSolution
		{8FD9D2FB-E788-41C2-BBC8-2C921EB675F0}.Debug|Any CPU.ActiveCfg = Debug|Any CPU
		{8FD9D2FB-E788-41C2-BBC8-2C921EB675F0}.Debug|Any CPU.Build.0 = Debug|Any CPU
		{8FD9D2FB-E788-41C2-BBC8-2C921EB675F0}.Release|Any CPU.ActiveCfg = Release|Any CPU
		{8FD9D2FB-E788-41C2-BBC8-2C921EB675F0}.Release|Any CPU.Build.0 = Release|Any CPU
	EndGlobalSection
	GlobalSection(SolutionProperties) = preSolution
		HideSolutionNode = FALSE
	EndGlobalSection
	GlobalSection(ExtensibilityGlobals) = postSolution
		SolutionGuid = {8960FA7E-B6D4-4E5D-8F2D-039E2C6F470D}
	EndGlobalSection
EndGlobal
